{
  "name": "jli-table",
  "version": "0.17.0",
  "lockfileVersion": 1,
  "requires": true,
  "dependencies": {
    "@angular/common": {
      "version": "9.1.13",
      "resolved": "https://nexus.trapil.sii/repository/npm-group/@angular/common/-/common-9.1.13.tgz",
      "integrity": "sha512-QACUhJWlly/nfHUmjopVS1p6ayxxa/NqjyftdCeBJaoyM2YohqWixP/n/keu1K/srJ96aFpUNsZQgmgoRv5SOQ=="
    },
    "@angular/core": {
      "version": "9.1.13",
      "resolved": "https://nexus.trapil.sii/repository/npm-group/@angular/core/-/core-9.1.13.tgz",
      "integrity": "sha512-mBm24Q9GjkAsxMAzqQ86U1078+yTEpr0+syMEruUtJ0HUH6Fzn3J+6xTLb+BVcGb9RkCkFaV9T5mcn6ZM0f++g=="
    }
  }
}
